{
  "requires": true,
  "lockfileVersion": 1,
  "dependencies": {
    "lix": {
      "version": "15.1.1",
      "resolved": "https://registry.npmjs.org/lix/-/lix-15.1.1.tgz",
      "integrity": "sha512-bR6aIkFiQbTgYmB4whs0tz7CfnC5MlexWEdrLnObfFK3F1rlKhDZxjZ3uoTm3VjQI4mmuJTKYDYH2yK0o4nm/w=="
    }
  }
}
